
Microsoft Visual Studio Solution File, Format Version 12.00
# Visual Studio Version 17
VisualStudioVersion = 17.4.33122.133
MinimumVisualStudioVersion = 10.0.40219.1
Project("{9A19103F-16F7-4668-BE54-9A1E7A4F7556}") = "EmploymentRegistry", "EmploymentRegistry\EmploymentRegistry.csproj", "{EE0E66C2-4452-487A-8B63-2C1ACECAA10F}"
EndProject
Project("{FAE04EC0-301F-11D3-BF4B-00C04F79EFBC}") = "TestMiddleware", "TestMiddleware\TestMiddleware.csproj", "{5278CBBB-5423-49A7-A3E1-F01310D12C3E}"
EndProject
Project("{FAE04EC0-301F-11D3-BF4B-00C04F79EFBC}") = "Contracts", "Contracts\Contracts.csproj", "{C96C4818-E025-42C3-8E93-FEFAC8AD1700}"
EndProject
Project("{FAE04EC0-301F-11D3-BF4B-00C04F79EFBC}") = "LoggerService", "LoggerService\LoggerService.csproj", "{9F533503-2903-4A3F-B25B-E20175C03C76}"
EndProject
Global
	GlobalSection(SolutionConfigurationPlatforms) = preSolution
		Debug|Any CPU = Debug|Any CPU
		Release|Any CPU = Release|Any CPU
	EndGlobalSection
	GlobalSection(ProjectConfigurationPlatforms) = postSolution
		{EE0E66C2-4452-487A-8B63-2C1ACECAA10F}.Debug|Any CPU.ActiveCfg = Debug|Any CPU
		{EE0E66C2-4452-487A-8B63-2C1ACECAA10F}.Debug|Any CPU.Build.0 = Debug|Any CPU
		{EE0E66C2-4452-487A-8B63-2C1ACECAA10F}.Release|Any CPU.ActiveCfg = Release|Any CPU
		{EE0E66C2-4452-487A-8B63-2C1ACECAA10F}.Release|Any CPU.Build.0 = Release|Any CPU
		{5278CBBB-5423-49A7-A3E1-F01310D12C3E}.Debug|Any CPU.ActiveCfg = Debug|Any CPU
		{5278CBBB-5423-49A7-A3E1-F01310D12C3E}.Debug|Any CPU.Build.0 = Debug|Any CPU
		{5278CBBB-5423-49A7-A3E1-F01310D12C3E}.Release|Any CPU.ActiveCfg = Release|Any CPU
		{5278CBBB-5423-49A7-A3E1-F01310D12C3E}.Release|Any CPU.Build.0 = Release|Any CPU
		{C96C4818-E025-42C3-8E93-FEFAC8AD1700}.Debug|Any CPU.ActiveCfg = Debug|Any CPU
		{C96C4818-E025-42C3-8E93-FEFAC8AD1700}.Debug|Any CPU.Build.0 = Debug|Any CPU
		{C96C4818-E025-42C3-8E93-FEFAC8AD1700}.Release|Any CPU.ActiveCfg = Release|Any CPU
		{C96C4818-E025-42C3-8E93-FEFAC8AD1700}.Release|Any CPU.Build.0 = Release|Any CPU
		{9F533503-2903-4A3F-B25B-E20175C03C76}.Debug|Any CPU.ActiveCfg = Debug|Any CPU
		{9F533503-2903-4A3F-B25B-E20175C03C76}.Debug|Any CPU.Build.0 = Debug|Any CPU
		{9F533503-2903-4A3F-B25B-E20175C03C76}.Release|Any CPU.ActiveCfg = Release|Any CPU
		{9F533503-2903-4A3F-B25B-E20175C03C76}.Release|Any CPU.Build.0 = Release|Any CPU
	EndGlobalSection
	GlobalSection(SolutionProperties) = preSolution
		HideSolutionNode = FALSE
	EndGlobalSection
	GlobalSection(ExtensibilityGlobals) = postSolution
		SolutionGuid = {89111CE8-2E27-4621-912F-663399A266CD}
	EndGlobalSection
EndGlobal
